
Microsoft Visual Studio Solution File, Format Version 12.00
# Visual Studio Version 17
VisualStudioVersion = 17.14.36915.13 d17.14
MinimumVisualStudioVersion = 10.0.40219.1
Project("{FAE04EC0-301F-11D3-BF4B-00C04F79EFBC}") = "Compiler", "Compiler\Compiler.csproj", "{30CD26A9-DCF4-4E26-BC3C-F5863683D1A3}"
EndProject
Global
	GlobalSection(SolutionConfigurationPlatforms) = preSolution
		Debug|Any CPU = Debug|Any CPU
		Release|Any CPU = Release|Any CPU
	EndGlobalSection
	GlobalSection(ProjectConfigurationPlatforms) = postSolution
		{30CD26A9-DCF4-4E26-BC3C-F5863683D1A3}.Debug|Any CPU.ActiveCfg = Debug|Any CPU
		{30CD26A9-DCF4-4E26-BC3C-F5863683D1A3}.Debug|Any CPU.Build.0 = Debug|Any CPU
		{30CD26A9-DCF4-4E26-BC3C-F5863683D1A3}.Release|Any CPU.ActiveCfg = Release|Any CPU
		{30CD26A9-DCF4-4E26-BC3C-F5863683D1A3}.Release|Any CPU.Build.0 = Release|Any CPU
	EndGlobalSection
	GlobalSection(SolutionProperties) = preSolution
		HideSolutionNode = FALSE
	EndGlobalSection
	GlobalSection(ExtensibilityGlobals) = postSolution
		SolutionGuid = {5A62782A-5588-43C7-BFAC-1C9FF5BCBC2D}
	EndGlobalSection
EndGlobal
